
Microsoft Visual Studio Solution File, Format Version 12.00
# Visual Studio 15
VisualStudioVersion = 15.0.28307.489
MinimumVisualStudioVersion = 10.0.40219.1
Project("{FAE04EC0-301F-11D3-BF4B-00C04F79EFBC}") = "OnTap", "OnTap\OnTap.csproj", "{37021F4C-A657-46F5-981B-F1523F3FCA81}"
EndProject
Global
	GlobalSection(SolutionConfigurationPlatforms) = preSolution
		Debug|Any CPU = Debug|Any CPU
		Release|Any CPU = Release|Any CPU
	EndGlobalSection
	GlobalSection(ProjectConfigurationPlatforms) = postSolution
		{37021F4C-A657-46F5-981B-F1523F3FCA81}.Debug|Any CPU.ActiveCfg = Debug|Any CPU
		{37021F4C-A657-46F5-981B-F1523F3FCA81}.Debug|Any CPU.Build.0 = Debug|Any CPU
		{37021F4C-A657-46F5-981B-F1523F3FCA81}.Release|Any CPU.ActiveCfg = Release|Any CPU
		{37021F4C-A657-46F5-981B-F1523F3FCA81}.Release|Any CPU.Build.0 = Release|Any CPU
	EndGlobalSection
	GlobalSection(SolutionProperties) = preSolution
		HideSolutionNode = FALSE
	EndGlobalSection
	GlobalSection(ExtensibilityGlobals) = postSolution
		SolutionGuid = {7AE1FE45-015F-4C60-BB4A-38D48E753A30}
	EndGlobalSection
EndGlobal
